<?xml version="1.0" encoding="utf-8"?>
<Project ToolsVersion="4.0" xmlns="http://schemas.microsoft.com/developer/msbuild/2003">
  <ItemGroup>
    <Filter Include="Source Files">
      <UniqueIdentifier>{845f87bb-4606-489a-93ce-e971d1eff359}</UniqueIdentifier>
      <Extensions>cpp;c;cxx;rc;def;r;odl;idl;hpj;bat</Extensions>
    </Filter>
    <Filter Include="Header Files">
      <UniqueIdentifier>{39602a7c-c8c4-4009-98ae-8e0ffddf2853}</UniqueIdentifier>
      <Extensions>h;hpp;hxx;hm;inl</Extensions>
    </Filter>
    <Filter Include="Resource Files">
      <UniqueIdentifier>{5a49d2cd-a9ae-4b95-8ace-64f0e06e1884}</UniqueIdentifier>
      <Extensions>ico;cur;bmp;dlg;rc2;rct;bin;rgs;gif;jpg;jpeg;jpe</Extensions>
    </Filter>
  </ItemGroup>
  <ItemGroup>
    <ClCompile Include="regapplc.cpp">
      <Filter>Source Files</Filter>
    </ClCompile>
    <ClCompile Include="regapplcDlg.cpp">
      <Filter>Source Files</Filter>
    </ClCompile>
    <ClCompile Include="StdAfx.cpp">
      <Filter>Source Files</Filter>
    </ClCompile>
    <ClCompile Include="..\lsMisc\GetLastErrorString.cpp">
      <Filter>Source Files</Filter>
    </ClCompile>
    <ClCompile Include="..\lsMisc\I18N.cpp">
      <Filter>Source Files</Filter>
    </ClCompile>
    <ClCompile Include="..\lsMisc\stdwin32\stdwin32.cpp">
      <Filter>Source Files</Filter>
    </ClCompile>
    <ClCompile Include="..\lsMisc\UrlEncode.cpp">
      <Filter>Source Files</Filter>
    </ClCompile>
    <ClCompile Include="..\lsMisc\UTF16toUTF8.cpp">
      <Filter>Source Files</Filter>
    </ClCompile>
    <ClCompile Include="..\lsMisc\CommandLineParser.cpp">
      <Filter>Source Files</Filter>
    </ClCompile>
  </ItemGroup>
  <ItemGroup>
    <ResourceCompile Include="regapplc.rc">
      <Filter>Source Files</Filter>
    </ResourceCompile>
  </ItemGroup>
  <ItemGroup>
    <ClInclude Include="regapplc.h">
      <Filter>Header Files</Filter>
    </ClInclude>
    <ClInclude Include="regapplcDlg.h">
      <Filter>Header Files</Filter>
    </ClInclude>
    <ClInclude Include="Resource.h">
      <Filter>Header Files</Filter>
    </ClInclude>
    <ClInclude Include="StdAfx.h">
      <Filter>Header Files</Filter>
    </ClInclude>
    <ClInclude Include="..\lsMisc\CommandLineParser.h">
      <Filter>Header Files</Filter>
    </ClInclude>
    <ClInclude Include="..\lsMisc\GetLastErrorString.h">
      <Filter>Header Files</Filter>
    </ClInclude>
    <ClInclude Include="..\lsMisc\I18N.h">
      <Filter>Header Files</Filter>
    </ClInclude>
    <ClInclude Include="..\lsMisc\stdwin32\stdwin32.h">
      <Filter>Header Files</Filter>
    </ClInclude>
    <ClInclude Include="target.h">
      <Filter>Header Files</Filter>
    </ClInclude>
    <ClInclude Include="..\lsMisc\UrlEncode.h">
      <Filter>Header Files</Filter>
    </ClInclude>
    <ClInclude Include="..\lsMisc\UTF16toUTF8.h">
      <Filter>Header Files</Filter>
    </ClInclude>
  </ItemGroup>
  <ItemGroup>
    <Image Include="res\regapplc.ico">
      <Filter>Resource Files</Filter>
    </Image>
  </ItemGroup>
  <ItemGroup>
    <Text Include="ReadMe.txt" />
  </ItemGroup>
  <ItemGroup>
    <CustomBuild Include="res\default1.bin">
      <Filter>Resource Files</Filter>
    </CustomBuild>
    <CustomBuild Include="res\regapplc.rc2">
      <Filter>Resource Files</Filter>
    </CustomBuild>
  </ItemGroup>
</Project>